<?xml version="1.0" encoding="UTF-8" standalone="yes" ?>
<CodeBlocks_project_file>
	<FileVersion major="1" minor="6" />
	<Project>
		<Option title="GUI-asn1" />
		<Option pch_mode="2" />
		<Option compiler="gcc" />
		<Build>
			<Target title="Clean">
				<Option output="bin/Clean/GUI-asn1" prefix_auto="1" extension_auto="1" />
				<Option object_output="obj/Clean/" />
				<Option type="1" />
				<Option compiler="gcc" />
				<Compiler>
					<Add option="-g" />
					<Add directory="include" />
				</Compiler>
				<Linker>
					<Add option="-lgtest" />
					<Add library="lib/libgui-clean.a" />
					<Add directory="lib/libgui-clean.a" />
				</Linker>
			</Target>
			<Target title="Buggy">
				<Option output="bin/Bugs/GUI-asn1" prefix_auto="1" extension_auto="1" />
				<Option object_output="obj/Bugs/" />
				<Option type="1" />
				<Option compiler="gcc" />
				<Compiler>
					<Add option="-O2" />
					<Add directory="include" />
				</Compiler>
				<Linker>
					<Add option="-lgtest" />
					<Add library="lib/libgui-bugs.a" />
					<Add directory="lib/libgui-bugs.a" />
				</Linker>
			</Target>
		</Build>
		<Compiler>
			<Add option="-Wall" />
			<Add option="-fexceptions" />
		</Compiler>
		<Unit filename="include/AsciiWindow.h" />
		<Unit filename="include/BaseWindow.h" />
		<Unit filename="include/Coordinate.h" />
		<Unit filename="include/Exceptions.h" />
		<Unit filename="include/Image.h" />
		<Unit filename="include/Textbox.h" />
		<Unit filename="test/TestAsciiWindow.cpp" />
		<Unit filename="test/TestBaseWindow.cpp" />
		<Unit filename="test/TestCoord.cpp" />
		<Unit filename="test/TestImage.cpp" />
		<Unit filename="test/TestTextbox.cpp" />
		<Unit filename="test/main.cpp" />
		<Extensions>
			<code_completion />
			<envvars />
			<lib_finder disable_auto="1" />
			<debugger />
		</Extensions>
	</Project>
</CodeBlocks_project_file>
