<?xml version="1.0" encoding="UTF-8" standalone="yes" ?>
<CodeBlocks_project_file>
	<FileVersion major="1" minor="6" />
	<Project>
		<Option title="MockWarehouse" />
		<Option pch_mode="2" />
		<Option compiler="gcc" />
		<Build>
			<Target title="Debug">
				<Option output="bin/Debug/MockWarehouse" prefix_auto="1" extension_auto="1" />
				<Option object_output="obj/Debug/" />
				<Option type="1" />
				<Option compiler="gcc" />
				<Compiler>
					<Add option="-g" />
					<Add directory="include" />
					<Add directory="test" />
				</Compiler>
				<Linker>
					<Add option="-lgtest" />
					<Add option="-lpthread" />
					<Add library="/usr/src/gmock/gmock-all.cc" />
				</Linker>
			</Target>
		</Build>
		<Compiler>
			<Add option="-Wall" />
			<Add option="-fexceptions" />
		</Compiler>
		<Unit filename="include/Order.h" />
		<Unit filename="include/Warehouse.h" />
		<Unit filename="src/Order.cpp" />
		<Unit filename="src/Warehouse.cpp" />
		<Unit filename="test/MockWarehouse.h" />
		<Unit filename="test/OrderStateTest.h" />
		<Unit filename="test/main.cpp" />
		<Extensions>
			<code_completion />
			<envvars />
			<debugger />
			<lib_finder disable_auto="1" />
		</Extensions>
	</Project>
</CodeBlocks_project_file>
